
Microsoft Visual Studio Solution File, Format Version 12.00
# Visual Studio Version 17
VisualStudioVersion = 17.9.34310.174
MinimumVisualStudioVersion = 10.0.40219.1
Project("{FAE04EC0-301F-11D3-BF4B-00C04F79EFBC}") = "Gerraria.Browser", "Gerraria.Browser\Gerraria.Browser.csproj", "{745D4D51-1537-43F7-9ED0-D75F9805DA6C}"
EndProject
Project("{FAE04EC0-301F-11D3-BF4B-00C04F79EFBC}") = "Gerraria", "Gerraria\Gerraria.csproj", "{D9CB02D4-0F46-4434-B84D-0AF1E87D5715}"
EndProject
Project("{FAE04EC0-301F-11D3-BF4B-00C04F79EFBC}") = "Gerraria.Simulator", "Gerraria.Simulator\Gerraria.Simulator.csproj", "{B3451B71-D1BB-48D5-9518-62D8EB4E7830}"
EndProject
Global
	GlobalSection(SolutionConfigurationPlatforms) = preSolution
		Debug|Any CPU = Debug|Any CPU
		Release|Any CPU = Release|Any CPU
	EndGlobalSection
	GlobalSection(ProjectConfigurationPlatforms) = postSolution
		{745D4D51-1537-43F7-9ED0-D75F9805DA6C}.Debug|Any CPU.ActiveCfg = Debug|Any CPU
		{745D4D51-1537-43F7-9ED0-D75F9805DA6C}.Debug|Any CPU.Build.0 = Debug|Any CPU
		{745D4D51-1537-43F7-9ED0-D75F9805DA6C}.Release|Any CPU.ActiveCfg = Release|Any CPU
		{745D4D51-1537-43F7-9ED0-D75F9805DA6C}.Release|Any CPU.Build.0 = Release|Any CPU
		{D9CB02D4-0F46-4434-B84D-0AF1E87D5715}.Debug|Any CPU.ActiveCfg = Debug|Any CPU
		{D9CB02D4-0F46-4434-B84D-0AF1E87D5715}.Debug|Any CPU.Build.0 = Debug|Any CPU
		{D9CB02D4-0F46-4434-B84D-0AF1E87D5715}.Release|Any CPU.ActiveCfg = Release|Any CPU
		{D9CB02D4-0F46-4434-B84D-0AF1E87D5715}.Release|Any CPU.Build.0 = Release|Any CPU
		{B3451B71-D1BB-48D5-9518-62D8EB4E7830}.Debug|Any CPU.ActiveCfg = Debug|Any CPU
		{B3451B71-D1BB-48D5-9518-62D8EB4E7830}.Debug|Any CPU.Build.0 = Debug|Any CPU
		{B3451B71-D1BB-48D5-9518-62D8EB4E7830}.Release|Any CPU.ActiveCfg = Release|Any CPU
		{B3451B71-D1BB-48D5-9518-62D8EB4E7830}.Release|Any CPU.Build.0 = Release|Any CPU
	EndGlobalSection
	GlobalSection(SolutionProperties) = preSolution
		HideSolutionNode = FALSE
	EndGlobalSection
	GlobalSection(ExtensibilityGlobals) = postSolution
		SolutionGuid = {E44FB43E-CAEA-491A-BFC7-70D6EF7031B5}
	EndGlobalSection
EndGlobal
